# generated by rye
# use `rye lock` or `rye sync` to update this lockfile
#
# last locked with the following flags:
#   pre: false
#   features: []
#   all-features: false
#   with-sources: false
#   generate-hashes: false
#   universal: false

-e file:.
certifi==2024.8.30
    # via requests
charset-normalizer==3.3.2
    # via requests
coverage==7.6.1
    # via coveralls
    # via pytest-cov
coveralls==4.0.1
    # via filmpy
decorator==5.1.1
    # via filmpy
docopt==0.6.2
    # via coveralls
idna==3.10
    # via requests
imageio==2.35.1
    # via filmpy
imageio-ffmpeg==0.5.1
    # via filmpy
iniconfig==2.0.0
    # via pytest
numpy==2.1.1
    # via filmpy
    # via imageio
packaging==24.1
    # via pytest
pillow==10.4.0
    # via imageio
pluggy==1.5.0
    # via pytest
proglog==0.1.10
    # via filmpy
pytest==8.3.3
    # via filmpy
    # via pytest-cov
pytest-cov==5.0.0
    # via filmpy
requests==2.32.3
    # via coveralls
ruff==0.6.9
    # via filmpy
setuptools==75.1.0
    # via imageio-ffmpeg
tqdm==4.66.5
    # via proglog
urllib3==2.2.3
    # via requests
uv==0.4.18
    # via filmpy
