# generated by rye
# use `rye lock` or `rye sync` to update this lockfile
#
# last locked with the following flags:
#   pre: false
#   features: []
#   all-features: false
#   with-sources: false
#   generate-hashes: false
#   universal: false

-e file:.
certifi==2024.8.30
    # via requests
charset-normalizer==3.3.2
    # via requests
contourpy==1.3.0
    # via matplotlib
coverage==7.6.1
    # via coveralls
    # via pytest-cov
coveralls==4.0.1
    # via filmpy
cycler==0.12.1
    # via matplotlib
decorator==5.1.1
    # via filmpy
docopt==0.6.2
    # via coveralls
fonttools==4.54.1
    # via matplotlib
idna==3.10
    # via requests
imageio==2.35.1
    # via filmpy
    # via scikit-image
imageio-ffmpeg==0.5.1
    # via filmpy
iniconfig==2.0.0
    # via pytest
joblib==1.4.2
    # via scikit-learn
kiwisolver==1.4.7
    # via matplotlib
lazy-loader==0.4
    # via scikit-image
matplotlib==3.9.2
networkx==3.3
    # via scikit-image
numpy==2.1.1
    # via contourpy
    # via filmpy
    # via imageio
    # via matplotlib
    # via opencv-python
    # via scikit-image
    # via scikit-learn
    # via scipy
    # via tifffile
opencv-python==4.10.0.84
packaging==24.1
    # via lazy-loader
    # via matplotlib
    # via pytest
    # via scikit-image
pillow==10.4.0
    # via imageio
    # via matplotlib
    # via scikit-image
pluggy==1.5.0
    # via pytest
proglog==0.1.10
    # via filmpy
pygame==2.6.1
pyparsing==3.1.4
    # via matplotlib
pytest==8.3.3
    # via filmpy
    # via pytest-cov
pytest-cov==5.0.0
    # via filmpy
python-dateutil==2.9.0.post0
    # via matplotlib
python-dotenv==1.0.1
requests==2.32.3
    # via coveralls
ruff==0.6.9
    # via filmpy
scikit-image==0.24.0
scikit-learn==1.5.2
scipy==1.14.1
    # via scikit-image
    # via scikit-learn
setuptools==75.1.0
    # via imageio-ffmpeg
six==1.16.0
    # via python-dateutil
threadpoolctl==3.5.0
    # via scikit-learn
tifffile==2024.9.20
    # via scikit-image
tqdm==4.66.5
    # via proglog
urllib3==2.2.3
    # via requests
uv==0.4.18
    # via filmpy
youtube-dl==2021.12.17
